// !$*UTF8*$!
{
	archiveVersion = 1;
	classes = {
	};
	objectVersion = 56;
	objects = {

/* Begin PBXBuildFile section */
		4814CD9E2B8CCA5100E5935A /* DetailsViewController.swift in Sources */ = {isa = PBXBuildFile; fileRef = 4814CD9D2B8CCA5100E5935A /* DetailsViewController.swift */; };
		4814CDA02B8CCA9400E5935A /* DetailsView.xib in Resources */ = {isa = PBXBuildFile; fileRef = 4814CD9F2B8CCA9400E5935A /* DetailsView.xib */; };
		4814CDA32B8CCFB100E5935A /* HeaderView.swift in Sources */ = {isa = PBXBuildFile; fileRef = 4814CDA22B8CCFB100E5935A /* HeaderView.swift */; };
		4814CDA52B8CCFBD00E5935A /* HeaderViewModel.swift in Sources */ = {isa = PBXBuildFile; fileRef = 4814CDA42B8CCFBD00E5935A /* HeaderViewModel.swift */; };
		4814CDA72B8CCFC800E5935A /* HeaderView.xib in Resources */ = {isa = PBXBuildFile; fileRef = 4814CDA62B8CCFC800E5935A /* HeaderView.xib */; };
		4814CDA92B8D010400E5935A /* DetailsViewModel.swift in Sources */ = {isa = PBXBuildFile; fileRef = 4814CDA82B8D010400E5935A /* DetailsViewModel.swift */; };
		481A5F282B7A785200EA428B /* AppDelegate.swift in Sources */ = {isa = PBXBuildFile; fileRef = 481A5F272B7A785200EA428B /* AppDelegate.swift */; };
		481A5F312B7A785400EA428B /* Assets.xcassets in Resources */ = {isa = PBXBuildFile; fileRef = 481A5F302B7A785400EA428B /* Assets.xcassets */; };
		481A5F3F2B7A785400EA428B /* GalleryTests.swift in Sources */ = {isa = PBXBuildFile; fileRef = 481A5F3E2B7A785400EA428B /* GalleryTests.swift */; };
		481D54592B7E818F00ABF55C /* HomeViewController.swift in Sources */ = {isa = PBXBuildFile; fileRef = 481D54582B7E818F00ABF55C /* HomeViewController.swift */; };
		481D545B2B7E824900ABF55C /* Launch Screen.storyboard in Resources */ = {isa = PBXBuildFile; fileRef = 481D545A2B7E824900ABF55C /* Launch Screen.storyboard */; };
		481D54602B7E87E200ABF55C /* HomeViewModel.swift in Sources */ = {isa = PBXBuildFile; fileRef = 481D545F2B7E87E200ABF55C /* HomeViewModel.swift */; };
		481D54642B7E894A00ABF55C /* ListView.swift in Sources */ = {isa = PBXBuildFile; fileRef = 481D54632B7E894A00ABF55C /* ListView.swift */; };
		481D54662B7E895800ABF55C /* ListViewController.swift in Sources */ = {isa = PBXBuildFile; fileRef = 481D54652B7E895800ABF55C /* ListViewController.swift */; };
		488A10542B835FE300FEE3FB /* UITabBarItem+Extension.swift in Sources */ = {isa = PBXBuildFile; fileRef = 488A10532B835FE300FEE3FB /* UITabBarItem+Extension.swift */; };
		488A10562B839CCF00FEE3FB /* SplashRepository.swift in Sources */ = {isa = PBXBuildFile; fileRef = 488A10552B839CCF00FEE3FB /* SplashRepository.swift */; };
		488A105E2B84AED600FEE3FB /* SplashViewController.swift in Sources */ = {isa = PBXBuildFile; fileRef = 488A105D2B84AED600FEE3FB /* SplashViewController.swift */; };
		488A10602B84AEE800FEE3FB /* SplashViewModel.swift in Sources */ = {isa = PBXBuildFile; fileRef = 488A105F2B84AEE800FEE3FB /* SplashViewModel.swift */; };
		488A10622B84AEF200FEE3FB /* SplashView.swift in Sources */ = {isa = PBXBuildFile; fileRef = 488A10612B84AEF200FEE3FB /* SplashView.swift */; };
		488A106F2B8523D900FEE3FB /* AppCoordinator.swift in Sources */ = {isa = PBXBuildFile; fileRef = 488A106E2B8523D900FEE3FB /* AppCoordinator.swift */; };
		488A10732B8528A800FEE3FB /* HomeCoordinator.swift in Sources */ = {isa = PBXBuildFile; fileRef = 488A10722B8528A800FEE3FB /* HomeCoordinator.swift */; };
		488A10752B8529AA00FEE3FB /* ListCoordinator.swift in Sources */ = {isa = PBXBuildFile; fileRef = 488A10742B8529AA00FEE3FB /* ListCoordinator.swift */; };
		488A10772B8529C500FEE3FB /* FavoritesCoordinator.swift in Sources */ = {isa = PBXBuildFile; fileRef = 488A10762B8529C500FEE3FB /* FavoritesCoordinator.swift */; };
		488A10792B85FF3600FEE3FB /* Navigation in Frameworks */ = {isa = PBXBuildFile; productRef = 488A10782B85FF3600FEE3FB /* Navigation */; };
		488A107B2B85FF6900FEE3FB /* UI in Frameworks */ = {isa = PBXBuildFile; productRef = 488A107A2B85FF6900FEE3FB /* UI */; };
		488A107D2B85FF6F00FEE3FB /* Network in Frameworks */ = {isa = PBXBuildFile; productRef = 488A107C2B85FF6F00FEE3FB /* Network */; };
		488A10832B8604D500FEE3FB /* Security.framework in Frameworks */ = {isa = PBXBuildFile; fileRef = 488A10822B8604D500FEE3FB /* Security.framework */; };
		488A10852B86103500FEE3FB /* Persistence in Frameworks */ = {isa = PBXBuildFile; productRef = 488A10842B86103500FEE3FB /* Persistence */; };
		488A10882B875D5B00FEE3FB /* SDWebImage in Frameworks */ = {isa = PBXBuildFile; productRef = 488A10872B875D5B00FEE3FB /* SDWebImage */; };
		488A108A2B87646000FEE3FB /* ListRepository.swift in Sources */ = {isa = PBXBuildFile; fileRef = 488A10892B87646000FEE3FB /* ListRepository.swift */; };
		488A108E2B88E95400FEE3FB /* FavoritesView.swift in Sources */ = {isa = PBXBuildFile; fileRef = 488A108D2B88E95400FEE3FB /* FavoritesView.swift */; };
		488A10952B8A360000FEE3FB /* FavoritesViewModel.swift in Sources */ = {isa = PBXBuildFile; fileRef = 488A10942B8A35FF00FEE3FB /* FavoritesViewModel.swift */; };
		48903E4E2B8D39D80041BBCF /* Realm in Frameworks */ = {isa = PBXBuildFile; productRef = 48903E4D2B8D39D80041BBCF /* Realm */; };
		48903E502B8D39D80041BBCF /* RealmSwift in Frameworks */ = {isa = PBXBuildFile; productRef = 48903E4F2B8D39D80041BBCF /* RealmSwift */; };
		48903E522B8D3FB70041BBCF /* DetailsRepository.swift in Sources */ = {isa = PBXBuildFile; fileRef = 48903E512B8D3FB70041BBCF /* DetailsRepository.swift */; };
		48903E542B8D459D0041BBCF /* DetailsCoordinator.swift in Sources */ = {isa = PBXBuildFile; fileRef = 48903E532B8D459D0041BBCF /* DetailsCoordinator.swift */; };
		48903E582B8DE8AD0041BBCF /* UIBarButtonItem+Extension.swift in Sources */ = {isa = PBXBuildFile; fileRef = 48903E572B8DE8AD0041BBCF /* UIBarButtonItem+Extension.swift */; };
		48BA8B812B80C23300699267 /* TabItem.swift in Sources */ = {isa = PBXBuildFile; fileRef = 48BA8B802B80C23200699267 /* TabItem.swift */; };
		48BA8B842B80C7ED00699267 /* Images.swift in Sources */ = {isa = PBXBuildFile; fileRef = 48BA8B832B80C7ED00699267 /* Images.swift */; };
		48BA8B862B80DE4500699267 /* Localizable.xcstrings in Resources */ = {isa = PBXBuildFile; fileRef = 48BA8B852B80DE4500699267 /* Localizable.xcstrings */; };
		48BA8B882B80DF3900699267 /* TranslationKeys.swift in Sources */ = {isa = PBXBuildFile; fileRef = 48BA8B872B80DF3900699267 /* TranslationKeys.swift */; };
		48BA8B8C2B80F96D00699267 /* FavoritesViewController.swift in Sources */ = {isa = PBXBuildFile; fileRef = 48BA8B8B2B80F96D00699267 /* FavoritesViewController.swift */; };
		48E705D12B82133400DCC695 /* String+Extension.swift in Sources */ = {isa = PBXBuildFile; fileRef = 48E705D02B82133400DCC695 /* String+Extension.swift */; };
		48E705D32B8213C000DCC695 /* ListViewModel.swift in Sources */ = {isa = PBXBuildFile; fileRef = 48E705D22B8213C000DCC695 /* ListViewModel.swift */; };
/* End PBXBuildFile section */

/* Begin PBXContainerItemProxy section */
		481A5F3B2B7A785400EA428B /* PBXContainerItemProxy */ = {
			isa = PBXContainerItemProxy;
			containerPortal = 481A5F1C2B7A785200EA428B /* Project object */;
			proxyType = 1;
			remoteGlobalIDString = 481A5F232B7A785200EA428B;
			remoteInfo = Gallery;
		};
/* End PBXContainerItemProxy section */

/* Begin PBXFileReference section */
		4814CD9D2B8CCA5100E5935A /* DetailsViewController.swift */ = {isa = PBXFileReference; lastKnownFileType = sourcecode.swift; path = DetailsViewController.swift; sourceTree = "<group>"; };
		4814CD9F2B8CCA9400E5935A /* DetailsView.xib */ = {isa = PBXFileReference; lastKnownFileType = file.xib; path = DetailsView.xib; sourceTree = "<group>"; };
		4814CDA22B8CCFB100E5935A /* HeaderView.swift */ = {isa = PBXFileReference; lastKnownFileType = sourcecode.swift; path = HeaderView.swift; sourceTree = "<group>"; };
		4814CDA42B8CCFBD00E5935A /* HeaderViewModel.swift */ = {isa = PBXFileReference; lastKnownFileType = sourcecode.swift; path = HeaderViewModel.swift; sourceTree = "<group>"; };
		4814CDA62B8CCFC800E5935A /* HeaderView.xib */ = {isa = PBXFileReference; lastKnownFileType = file.xib; path = HeaderView.xib; sourceTree = "<group>"; };
		4814CDA82B8D010400E5935A /* DetailsViewModel.swift */ = {isa = PBXFileReference; lastKnownFileType = sourcecode.swift; path = DetailsViewModel.swift; sourceTree = "<group>"; };
		481A5F242B7A785200EA428B /* Gallery.app */ = {isa = PBXFileReference; explicitFileType = wrapper.application; includeInIndex = 0; path = Gallery.app; sourceTree = BUILT_PRODUCTS_DIR; };
		481A5F272B7A785200EA428B /* AppDelegate.swift */ = {isa = PBXFileReference; lastKnownFileType = sourcecode.swift; path = AppDelegate.swift; sourceTree = "<group>"; };
		481A5F302B7A785400EA428B /* Assets.xcassets */ = {isa = PBXFileReference; lastKnownFileType = folder.assetcatalog; path = Assets.xcassets; sourceTree = "<group>"; };
		481A5F352B7A785400EA428B /* Info.plist */ = {isa = PBXFileReference; lastKnownFileType = text.plist.xml; path = Info.plist; sourceTree = "<group>"; };
		481A5F3A2B7A785400EA428B /* GalleryTests.xctest */ = {isa = PBXFileReference; explicitFileType = wrapper.cfbundle; includeInIndex = 0; path = GalleryTests.xctest; sourceTree = BUILT_PRODUCTS_DIR; };
		481A5F3E2B7A785400EA428B /* GalleryTests.swift */ = {isa = PBXFileReference; lastKnownFileType = sourcecode.swift; path = GalleryTests.swift; sourceTree = "<group>"; };
		481D54582B7E818F00ABF55C /* HomeViewController.swift */ = {isa = PBXFileReference; lastKnownFileType = sourcecode.swift; path = HomeViewController.swift; sourceTree = "<group>"; };
		481D545A2B7E824900ABF55C /* Launch Screen.storyboard */ = {isa = PBXFileReference; lastKnownFileType = file.storyboard; path = "Launch Screen.storyboard"; sourceTree = "<group>"; };
		481D545F2B7E87E200ABF55C /* HomeViewModel.swift */ = {isa = PBXFileReference; lastKnownFileType = sourcecode.swift; path = HomeViewModel.swift; sourceTree = "<group>"; };
		481D54632B7E894A00ABF55C /* ListView.swift */ = {isa = PBXFileReference; lastKnownFileType = sourcecode.swift; path = ListView.swift; sourceTree = "<group>"; };
		481D54652B7E895800ABF55C /* ListViewController.swift */ = {isa = PBXFileReference; lastKnownFileType = sourcecode.swift; path = ListViewController.swift; sourceTree = "<group>"; };
		488A10532B835FE300FEE3FB /* UITabBarItem+Extension.swift */ = {isa = PBXFileReference; lastKnownFileType = sourcecode.swift; path = "UITabBarItem+Extension.swift"; sourceTree = "<group>"; };
		488A10552B839CCF00FEE3FB /* SplashRepository.swift */ = {isa = PBXFileReference; lastKnownFileType = sourcecode.swift; path = SplashRepository.swift; sourceTree = "<group>"; };
		488A105D2B84AED600FEE3FB /* SplashViewController.swift */ = {isa = PBXFileReference; lastKnownFileType = sourcecode.swift; path = SplashViewController.swift; sourceTree = "<group>"; };
		488A105F2B84AEE800FEE3FB /* SplashViewModel.swift */ = {isa = PBXFileReference; lastKnownFileType = sourcecode.swift; path = SplashViewModel.swift; sourceTree = "<group>"; };
		488A10612B84AEF200FEE3FB /* SplashView.swift */ = {isa = PBXFileReference; lastKnownFileType = sourcecode.swift; path = SplashView.swift; sourceTree = "<group>"; };
		488A106E2B8523D900FEE3FB /* AppCoordinator.swift */ = {isa = PBXFileReference; lastKnownFileType = sourcecode.swift; path = AppCoordinator.swift; sourceTree = "<group>"; };
		488A10722B8528A800FEE3FB /* HomeCoordinator.swift */ = {isa = PBXFileReference; lastKnownFileType = sourcecode.swift; path = HomeCoordinator.swift; sourceTree = "<group>"; };
		488A10742B8529AA00FEE3FB /* ListCoordinator.swift */ = {isa = PBXFileReference; lastKnownFileType = sourcecode.swift; path = ListCoordinator.swift; sourceTree = "<group>"; };
		488A10762B8529C500FEE3FB /* FavoritesCoordinator.swift */ = {isa = PBXFileReference; lastKnownFileType = sourcecode.swift; path = FavoritesCoordinator.swift; sourceTree = "<group>"; };
		488A107E2B85FFB400FEE3FB /* Navigation */ = {isa = PBXFileReference; lastKnownFileType = wrapper; path = Navigation; sourceTree = "<group>"; };
		488A107F2B85FFB400FEE3FB /* Network */ = {isa = PBXFileReference; lastKnownFileType = wrapper; path = Network; sourceTree = "<group>"; };
		488A10802B85FFB400FEE3FB /* UI */ = {isa = PBXFileReference; lastKnownFileType = wrapper; path = UI; sourceTree = "<group>"; };
		488A10812B86001200FEE3FB /* Persistence */ = {isa = PBXFileReference; lastKnownFileType = wrapper; path = Persistence; sourceTree = "<group>"; };
		488A10822B8604D500FEE3FB /* Security.framework */ = {isa = PBXFileReference; lastKnownFileType = wrapper.framework; name = Security.framework; path = System/Library/Frameworks/Security.framework; sourceTree = SDKROOT; };
		488A10892B87646000FEE3FB /* ListRepository.swift */ = {isa = PBXFileReference; lastKnownFileType = sourcecode.swift; path = ListRepository.swift; sourceTree = "<group>"; };
		488A108D2B88E95400FEE3FB /* FavoritesView.swift */ = {isa = PBXFileReference; lastKnownFileType = sourcecode.swift; path = FavoritesView.swift; sourceTree = "<group>"; };
		488A10942B8A35FF00FEE3FB /* FavoritesViewModel.swift */ = {isa = PBXFileReference; lastKnownFileType = sourcecode.swift; path = FavoritesViewModel.swift; sourceTree = "<group>"; };
		48903E512B8D3FB70041BBCF /* DetailsRepository.swift */ = {isa = PBXFileReference; lastKnownFileType = sourcecode.swift; path = DetailsRepository.swift; sourceTree = "<group>"; };
		48903E532B8D459D0041BBCF /* DetailsCoordinator.swift */ = {isa = PBXFileReference; lastKnownFileType = sourcecode.swift; path = DetailsCoordinator.swift; sourceTree = "<group>"; };
		48903E572B8DE8AD0041BBCF /* UIBarButtonItem+Extension.swift */ = {isa = PBXFileReference; lastKnownFileType = sourcecode.swift; path = "UIBarButtonItem+Extension.swift"; sourceTree = "<group>"; };
		48BA8B802B80C23200699267 /* TabItem.swift */ = {isa = PBXFileReference; fileEncoding = 4; lastKnownFileType = sourcecode.swift; path = TabItem.swift; sourceTree = "<group>"; };
		48BA8B832B80C7ED00699267 /* Images.swift */ = {isa = PBXFileReference; lastKnownFileType = sourcecode.swift; path = Images.swift; sourceTree = "<group>"; };
		48BA8B852B80DE4500699267 /* Localizable.xcstrings */ = {isa = PBXFileReference; lastKnownFileType = text.json.xcstrings; path = Localizable.xcstrings; sourceTree = "<group>"; };
		48BA8B872B80DF3900699267 /* TranslationKeys.swift */ = {isa = PBXFileReference; lastKnownFileType = sourcecode.swift; path = TranslationKeys.swift; sourceTree = "<group>"; };
		48BA8B8B2B80F96D00699267 /* FavoritesViewController.swift */ = {isa = PBXFileReference; lastKnownFileType = sourcecode.swift; path = FavoritesViewController.swift; sourceTree = "<group>"; };
		48E705D02B82133400DCC695 /* String+Extension.swift */ = {isa = PBXFileReference; lastKnownFileType = sourcecode.swift; path = "String+Extension.swift"; sourceTree = "<group>"; };
		48E705D22B8213C000DCC695 /* ListViewModel.swift */ = {isa = PBXFileReference; lastKnownFileType = sourcecode.swift; path = ListViewModel.swift; sourceTree = "<group>"; };
/* End PBXFileReference section */

/* Begin PBXFrameworksBuildPhase section */
		481A5F212B7A785200EA428B /* Frameworks */ = {
			isa = PBXFrameworksBuildPhase;
			buildActionMask = 2147483647;
			files = (
				48903E502B8D39D80041BBCF /* RealmSwift in Frameworks */,
				48903E4E2B8D39D80041BBCF /* Realm in Frameworks */,
				488A10882B875D5B00FEE3FB /* SDWebImage in Frameworks */,
				488A107D2B85FF6F00FEE3FB /* Network in Frameworks */,
				488A10852B86103500FEE3FB /* Persistence in Frameworks */,
				488A107B2B85FF6900FEE3FB /* UI in Frameworks */,
				488A10832B8604D500FEE3FB /* Security.framework in Frameworks */,
				488A10792B85FF3600FEE3FB /* Navigation in Frameworks */,
			);
			runOnlyForDeploymentPostprocessing = 0;
		};
		481A5F372B7A785400EA428B /* Frameworks */ = {
			isa = PBXFrameworksBuildPhase;
			buildActionMask = 2147483647;
			files = (
			);
			runOnlyForDeploymentPostprocessing = 0;
		};
/* End PBXFrameworksBuildPhase section */

/* Begin PBXGroup section */
		4814CD9A2B8CCA2A00E5935A /* Details */ = {
			isa = PBXGroup;
			children = (
				4814CD9C2B8CCA3900E5935A /* ViewModel */,
				4814CD9B2B8CCA3200E5935A /* View */,
				48903E512B8D3FB70041BBCF /* DetailsRepository.swift */,
				48903E532B8D459D0041BBCF /* DetailsCoordinator.swift */,
			);
			path = Details;
			sourceTree = "<group>";
		};
		4814CD9B2B8CCA3200E5935A /* View */ = {
			isa = PBXGroup;
			children = (
				4814CDA12B8CCF9F00E5935A /* HeaderView */,
				4814CD9D2B8CCA5100E5935A /* DetailsViewController.swift */,
				4814CD9F2B8CCA9400E5935A /* DetailsView.xib */,
			);
			path = View;
			sourceTree = "<group>";
		};
		4814CD9C2B8CCA3900E5935A /* ViewModel */ = {
			isa = PBXGroup;
			children = (
				4814CDA82B8D010400E5935A /* DetailsViewModel.swift */,
			);
			path = ViewModel;
			sourceTree = "<group>";
		};
		4814CDA12B8CCF9F00E5935A /* HeaderView */ = {
			isa = PBXGroup;
			children = (
				4814CDA22B8CCFB100E5935A /* HeaderView.swift */,
				4814CDA42B8CCFBD00E5935A /* HeaderViewModel.swift */,
				4814CDA62B8CCFC800E5935A /* HeaderView.xib */,
			);
			path = HeaderView;
			sourceTree = "<group>";
		};
		481A5F1B2B7A785200EA428B = {
			isa = PBXGroup;
			children = (
				48418FD52B7E78C5008F1D89 /* Modules */,
				481A5F262B7A785200EA428B /* Gallery */,
				481A5F3D2B7A785400EA428B /* GalleryTests */,
				481A5F252B7A785200EA428B /* Products */,
				488A10572B83A1AA00FEE3FB /* Frameworks */,
			);
			sourceTree = "<group>";
		};
		481A5F252B7A785200EA428B /* Products */ = {
			isa = PBXGroup;
			children = (
				481A5F242B7A785200EA428B /* Gallery.app */,
				481A5F3A2B7A785400EA428B /* GalleryTests.xctest */,
			);
			name = Products;
			sourceTree = "<group>";
		};
		481A5F262B7A785200EA428B /* Gallery */ = {
			isa = PBXGroup;
			children = (
				4814CD9A2B8CCA2A00E5935A /* Details */,
				488A105C2B84AEBE00FEE3FB /* Splash */,
				481D545D2B7E87BB00ABF55C /* Favorites */,
				481D545C2B7E87B200ABF55C /* List */,
				48418FD82B7E7D4D008F1D89 /* Home */,
				48BA8B822B80C7DA00699267 /* Utils */,
				481A5F592B7A788400EA428B /* SupportingFiles */,
			);
			path = Gallery;
			sourceTree = "<group>";
		};
		481A5F3D2B7A785400EA428B /* GalleryTests */ = {
			isa = PBXGroup;
			children = (
				481A5F3E2B7A785400EA428B /* GalleryTests.swift */,
			);
			path = GalleryTests;
			sourceTree = "<group>";
		};
		481A5F572B7A786B00EA428B /* View */ = {
			isa = PBXGroup;
			children = (
				48BA8B802B80C23200699267 /* TabItem.swift */,
				481D54582B7E818F00ABF55C /* HomeViewController.swift */,
			);
			path = View;
			sourceTree = "<group>";
		};
		481A5F582B7A787200EA428B /* ViewModel */ = {
			isa = PBXGroup;
			children = (
				481D545F2B7E87E200ABF55C /* HomeViewModel.swift */,
			);
			path = ViewModel;
			sourceTree = "<group>";
		};
		481A5F592B7A788400EA428B /* SupportingFiles */ = {
			isa = PBXGroup;
			children = (
				481A5F352B7A785400EA428B /* Info.plist */,
				481A5F302B7A785400EA428B /* Assets.xcassets */,
				481A5F272B7A785200EA428B /* AppDelegate.swift */,
				481D545A2B7E824900ABF55C /* Launch Screen.storyboard */,
				48BA8B852B80DE4500699267 /* Localizable.xcstrings */,
				488A106E2B8523D900FEE3FB /* AppCoordinator.swift */,
			);
			path = SupportingFiles;
			sourceTree = "<group>";
		};
		481D545C2B7E87B200ABF55C /* List */ = {
			isa = PBXGroup;
			children = (
				481D54622B7E893A00ABF55C /* ViewModel */,
				481D54612B7E892C00ABF55C /* View */,
				488A10742B8529AA00FEE3FB /* ListCoordinator.swift */,
				488A10892B87646000FEE3FB /* ListRepository.swift */,
			);
			path = List;
			sourceTree = "<group>";
		};
		481D545D2B7E87BB00ABF55C /* Favorites */ = {
			isa = PBXGroup;
			children = (
				48BA8B8A2B80F95700699267 /* View */,
				48BA8B892B80F94F00699267 /* ViewModel */,
				488A10762B8529C500FEE3FB /* FavoritesCoordinator.swift */,
			);
			path = Favorites;
			sourceTree = "<group>";
		};
		481D54612B7E892C00ABF55C /* View */ = {
			isa = PBXGroup;
			children = (
				481D54632B7E894A00ABF55C /* ListView.swift */,
				481D54652B7E895800ABF55C /* ListViewController.swift */,
			);
			path = View;
			sourceTree = "<group>";
		};
		481D54622B7E893A00ABF55C /* ViewModel */ = {
			isa = PBXGroup;
			children = (
				48E705D22B8213C000DCC695 /* ListViewModel.swift */,
			);
			path = ViewModel;
			sourceTree = "<group>";
		};
		48418FD52B7E78C5008F1D89 /* Modules */ = {
			isa = PBXGroup;
			children = (
				488A10812B86001200FEE3FB /* Persistence */,
				488A107E2B85FFB400FEE3FB /* Navigation */,
				488A107F2B85FFB400FEE3FB /* Network */,
				488A10802B85FFB400FEE3FB /* UI */,
			);
			path = Modules;
			sourceTree = "<group>";
		};
		48418FD82B7E7D4D008F1D89 /* Home */ = {
			isa = PBXGroup;
			children = (
				481A5F582B7A787200EA428B /* ViewModel */,
				481A5F572B7A786B00EA428B /* View */,
				488A10722B8528A800FEE3FB /* HomeCoordinator.swift */,
			);
			path = Home;
			sourceTree = "<group>";
		};
		488A10572B83A1AA00FEE3FB /* Frameworks */ = {
			isa = PBXGroup;
			children = (
				488A10822B8604D500FEE3FB /* Security.framework */,
			);
			name = Frameworks;
			sourceTree = "<group>";
		};
		488A105C2B84AEBE00FEE3FB /* Splash */ = {
			isa = PBXGroup;
			children = (
				488A10552B839CCF00FEE3FB /* SplashRepository.swift */,
				488A10642B84AEFB00FEE3FB /* ViewModel */,
				488A10632B84AEF500FEE3FB /* View */,
			);
			path = Splash;
			sourceTree = "<group>";
		};
		488A10632B84AEF500FEE3FB /* View */ = {
			isa = PBXGroup;
			children = (
				488A105D2B84AED600FEE3FB /* SplashViewController.swift */,
				488A10612B84AEF200FEE3FB /* SplashView.swift */,
			);
			path = View;
			sourceTree = "<group>";
		};
		488A10642B84AEFB00FEE3FB /* ViewModel */ = {
			isa = PBXGroup;
			children = (
				488A105F2B84AEE800FEE3FB /* SplashViewModel.swift */,
			);
			path = ViewModel;
			sourceTree = "<group>";
		};
		48BA8B822B80C7DA00699267 /* Utils */ = {
			isa = PBXGroup;
			children = (
				48E705CF2B82131B00DCC695 /* Extensions */,
				48BA8B832B80C7ED00699267 /* Images.swift */,
				48BA8B872B80DF3900699267 /* TranslationKeys.swift */,
			);
			path = Utils;
			sourceTree = "<group>";
		};
		48BA8B892B80F94F00699267 /* ViewModel */ = {
			isa = PBXGroup;
			children = (
				488A10942B8A35FF00FEE3FB /* FavoritesViewModel.swift */,
			);
			path = ViewModel;
			sourceTree = "<group>";
		};
		48BA8B8A2B80F95700699267 /* View */ = {
			isa = PBXGroup;
			children = (
				48BA8B8B2B80F96D00699267 /* FavoritesViewController.swift */,
				488A108D2B88E95400FEE3FB /* FavoritesView.swift */,
			);
			path = View;
			sourceTree = "<group>";
		};
		48E705CF2B82131B00DCC695 /* Extensions */ = {
			isa = PBXGroup;
			children = (
				48E705D02B82133400DCC695 /* String+Extension.swift */,
				488A10532B835FE300FEE3FB /* UITabBarItem+Extension.swift */,
				48903E572B8DE8AD0041BBCF /* UIBarButtonItem+Extension.swift */,
			);
			path = Extensions;
			sourceTree = "<group>";
		};
/* End PBXGroup section */

/* Begin PBXNativeTarget section */
		481A5F232B7A785200EA428B /* Gallery */ = {
			isa = PBXNativeTarget;
			buildConfigurationList = 481A5F4E2B7A785400EA428B /* Build configuration list for PBXNativeTarget "Gallery" */;
			buildPhases = (
				481A5F202B7A785200EA428B /* Sources */,
				481A5F212B7A785200EA428B /* Frameworks */,
				481A5F222B7A785200EA428B /* Resources */,
				487F95952B7E3605002A9C53 /* Swiftlint */,
			);
			buildRules = (
			);
			dependencies = (
			);
			name = Gallery;
			packageProductDependencies = (
				488A10782B85FF3600FEE3FB /* Navigation */,
				488A107A2B85FF6900FEE3FB /* UI */,
				488A107C2B85FF6F00FEE3FB /* Network */,
				488A10842B86103500FEE3FB /* Persistence */,
				488A10872B875D5B00FEE3FB /* SDWebImage */,
				48903E4D2B8D39D80041BBCF /* Realm */,
				48903E4F2B8D39D80041BBCF /* RealmSwift */,
			);
			productName = Gallery;
			productReference = 481A5F242B7A785200EA428B /* Gallery.app */;
			productType = "com.apple.product-type.application";
		};
		481A5F392B7A785400EA428B /* GalleryTests */ = {
			isa = PBXNativeTarget;
			buildConfigurationList = 481A5F512B7A785400EA428B /* Build configuration list for PBXNativeTarget "GalleryTests" */;
			buildPhases = (
				481A5F362B7A785400EA428B /* Sources */,
				481A5F372B7A785400EA428B /* Frameworks */,
				481A5F382B7A785400EA428B /* Resources */,
			);
			buildRules = (
			);
			dependencies = (
				481A5F3C2B7A785400EA428B /* PBXTargetDependency */,
			);
			name = GalleryTests;
			productName = GalleryTests;
			productReference = 481A5F3A2B7A785400EA428B /* GalleryTests.xctest */;
			productType = "com.apple.product-type.bundle.unit-test";
		};
/* End PBXNativeTarget section */

/* Begin PBXProject section */
		481A5F1C2B7A785200EA428B /* Project object */ = {
			isa = PBXProject;
			attributes = {
				BuildIndependentTargetsInParallel = 1;
				LastSwiftUpdateCheck = 1500;
				LastUpgradeCheck = 1500;
				TargetAttributes = {
					481A5F232B7A785200EA428B = {
						CreatedOnToolsVersion = 15.0.1;
					};
					481A5F392B7A785400EA428B = {
						CreatedOnToolsVersion = 15.0.1;
						TestTargetID = 481A5F232B7A785200EA428B;
					};
				};
			};
			buildConfigurationList = 481A5F1F2B7A785200EA428B /* Build configuration list for PBXProject "Gallery" */;
			compatibilityVersion = "Xcode 14.0";
			developmentRegion = "pt-BR";
			hasScannedForEncodings = 0;
			knownRegions = (
				en,
				Base,
				"pt-BR",
			);
			mainGroup = 481A5F1B2B7A785200EA428B;
			packageReferences = (
				489895382B7E47FE00D2348A /* XCRemoteSwiftPackageReference "SwiftLint" */,
				488A10862B875D5B00FEE3FB /* XCRemoteSwiftPackageReference "SDWebImage" */,
				48903E4C2B8D39D80041BBCF /* XCRemoteSwiftPackageReference "realm-swift" */,
			);
			productRefGroup = 481A5F252B7A785200EA428B /* Products */;
			projectDirPath = "";
			projectRoot = "";
			targets = (
				481A5F232B7A785200EA428B /* Gallery */,
				481A5F392B7A785400EA428B /* GalleryTests */,
			);
		};
/* End PBXProject section */

/* Begin PBXResourcesBuildPhase section */
		481A5F222B7A785200EA428B /* Resources */ = {
			isa = PBXResourcesBuildPhase;
			buildActionMask = 2147483647;
			files = (
				481D545B2B7E824900ABF55C /* Launch Screen.storyboard in Resources */,
				4814CDA72B8CCFC800E5935A /* HeaderView.xib in Resources */,
				4814CDA02B8CCA9400E5935A /* DetailsView.xib in Resources */,
				481A5F312B7A785400EA428B /* Assets.xcassets in Resources */,
				48BA8B862B80DE4500699267 /* Localizable.xcstrings in Resources */,
			);
			runOnlyForDeploymentPostprocessing = 0;
		};
		481A5F382B7A785400EA428B /* Resources */ = {
			isa = PBXResourcesBuildPhase;
			buildActionMask = 2147483647;
			files = (
			);
			runOnlyForDeploymentPostprocessing = 0;
		};
/* End PBXResourcesBuildPhase section */

/* Begin PBXShellScriptBuildPhase section */
		487F95952B7E3605002A9C53 /* Swiftlint */ = {
			isa = PBXShellScriptBuildPhase;
			alwaysOutOfDate = 1;
			buildActionMask = 2147483647;
			files = (
			);
			inputFileListPaths = (
			);
			inputPaths = (
			);
			name = Swiftlint;
			outputFileListPaths = (
			);
			outputPaths = (
			);
			runOnlyForDeploymentPostprocessing = 0;
			shellPath = /bin/sh;
			shellScript = "if [[ \"$(uname -m)\" == arm64 ]]; then\n    export PATH=\"/opt/homebrew/bin:$PATH\"\nfi\n\nif which swiftlint > /dev/null; then\n  swiftlint\nelse\n  echo \"warning: SwiftLint not installed, download from https://github.com/realm/SwiftLint\"\nfi\n";
		};
/* End PBXShellScriptBuildPhase section */

/* Begin PBXSourcesBuildPhase section */
		481A5F202B7A785200EA428B /* Sources */ = {
			isa = PBXSourcesBuildPhase;
			buildActionMask = 2147483647;
			files = (
				488A108E2B88E95400FEE3FB /* FavoritesView.swift in Sources */,
				488A10602B84AEE800FEE3FB /* SplashViewModel.swift in Sources */,
				488A10772B8529C500FEE3FB /* FavoritesCoordinator.swift in Sources */,
				488A10622B84AEF200FEE3FB /* SplashView.swift in Sources */,
				488A10542B835FE300FEE3FB /* UITabBarItem+Extension.swift in Sources */,
				488A10562B839CCF00FEE3FB /* SplashRepository.swift in Sources */,
				48903E542B8D459D0041BBCF /* DetailsCoordinator.swift in Sources */,
				481A5F282B7A785200EA428B /* AppDelegate.swift in Sources */,
				481D54662B7E895800ABF55C /* ListViewController.swift in Sources */,
				488A106F2B8523D900FEE3FB /* AppCoordinator.swift in Sources */,
				48BA8B812B80C23300699267 /* TabItem.swift in Sources */,
				488A10752B8529AA00FEE3FB /* ListCoordinator.swift in Sources */,
				4814CD9E2B8CCA5100E5935A /* DetailsViewController.swift in Sources */,
				488A105E2B84AED600FEE3FB /* SplashViewController.swift in Sources */,
				481D54642B7E894A00ABF55C /* ListView.swift in Sources */,
				48BA8B842B80C7ED00699267 /* Images.swift in Sources */,
				4814CDA32B8CCFB100E5935A /* HeaderView.swift in Sources */,
				48903E522B8D3FB70041BBCF /* DetailsRepository.swift in Sources */,
				481D54592B7E818F00ABF55C /* HomeViewController.swift in Sources */,
				481D54602B7E87E200ABF55C /* HomeViewModel.swift in Sources */,
				48BA8B8C2B80F96D00699267 /* FavoritesViewController.swift in Sources */,
				48E705D12B82133400DCC695 /* String+Extension.swift in Sources */,
				48903E582B8DE8AD0041BBCF /* UIBarButtonItem+Extension.swift in Sources */,
				48BA8B882B80DF3900699267 /* TranslationKeys.swift in Sources */,
				48E705D32B8213C000DCC695 /* ListViewModel.swift in Sources */,
				488A10952B8A360000FEE3FB /* FavoritesViewModel.swift in Sources */,
				4814CDA52B8CCFBD00E5935A /* HeaderViewModel.swift in Sources */,
				488A108A2B87646000FEE3FB /* ListRepository.swift in Sources */,
				488A10732B8528A800FEE3FB /* HomeCoordinator.swift in Sources */,
				4814CDA92B8D010400E5935A /* DetailsViewModel.swift in Sources */,
			);
			runOnlyForDeploymentPostprocessing = 0;
		};
		481A5F362B7A785400EA428B /* Sources */ = {
			isa = PBXSourcesBuildPhase;
			buildActionMask = 2147483647;
			files = (
				481A5F3F2B7A785400EA428B /* GalleryTests.swift in Sources */,
			);
			runOnlyForDeploymentPostprocessing = 0;
		};
/* End PBXSourcesBuildPhase section */

/* Begin PBXTargetDependency section */
		481A5F3C2B7A785400EA428B /* PBXTargetDependency */ = {
			isa = PBXTargetDependency;
			target = 481A5F232B7A785200EA428B /* Gallery */;
			targetProxy = 481A5F3B2B7A785400EA428B /* PBXContainerItemProxy */;
		};
/* End PBXTargetDependency section */

/* Begin XCBuildConfiguration section */
		481A5F4C2B7A785400EA428B /* Debug */ = {
			isa = XCBuildConfiguration;
			buildSettings = {
				ALWAYS_SEARCH_USER_PATHS = NO;
				ASSETCATALOG_COMPILER_GENERATE_SWIFT_ASSET_SYMBOL_EXTENSIONS = YES;
				CLANG_ANALYZER_NONNULL = YES;
				CLANG_ANALYZER_NUMBER_OBJECT_CONVERSION = YES_AGGRESSIVE;
				CLANG_CXX_LANGUAGE_STANDARD = "gnu++20";
				CLANG_ENABLE_MODULES = YES;
				CLANG_ENABLE_OBJC_ARC = YES;
				CLANG_ENABLE_OBJC_WEAK = YES;
				CLANG_WARN_BLOCK_CAPTURE_AUTORELEASING = YES;
				CLANG_WARN_BOOL_CONVERSION = YES;
				CLANG_WARN_COMMA = YES;
				CLANG_WARN_CONSTANT_CONVERSION = YES;
				CLANG_WARN_DEPRECATED_OBJC_IMPLEMENTATIONS = YES;
				CLANG_WARN_DIRECT_OBJC_ISA_USAGE = YES_ERROR;
				CLANG_WARN_DOCUMENTATION_COMMENTS = YES;
				CLANG_WARN_EMPTY_BODY = YES;
				CLANG_WARN_ENUM_CONVERSION = YES;
				CLANG_WARN_INFINITE_RECURSION = YES;
				CLANG_WARN_INT_CONVERSION = YES;
				CLANG_WARN_NON_LITERAL_NULL_CONVERSION = YES;
				CLANG_WARN_OBJC_IMPLICIT_RETAIN_SELF = YES;
				CLANG_WARN_OBJC_LITERAL_CONVERSION = YES;
				CLANG_WARN_OBJC_ROOT_CLASS = YES_ERROR;
				CLANG_WARN_QUOTED_INCLUDE_IN_FRAMEWORK_HEADER = YES;
				CLANG_WARN_RANGE_LOOP_ANALYSIS = YES;
				CLANG_WARN_STRICT_PROTOTYPES = YES;
				CLANG_WARN_SUSPICIOUS_MOVE = YES;
				CLANG_WARN_UNGUARDED_AVAILABILITY = YES_AGGRESSIVE;
				CLANG_WARN_UNREACHABLE_CODE = YES;
				CLANG_WARN__DUPLICATE_METHOD_MATCH = YES;
				COPY_PHASE_STRIP = NO;
				DEBUG_INFORMATION_FORMAT = dwarf;
				ENABLE_STRICT_OBJC_MSGSEND = YES;
				ENABLE_TESTABILITY = YES;
				ENABLE_USER_SCRIPT_SANDBOXING = YES;
				GCC_C_LANGUAGE_STANDARD = gnu17;
				GCC_DYNAMIC_NO_PIC = NO;
				GCC_NO_COMMON_BLOCKS = YES;
				GCC_OPTIMIZATION_LEVEL = 0;
				GCC_PREPROCESSOR_DEFINITIONS = (
					"DEBUG=1",
					"$(inherited)",
				);
				GCC_WARN_64_TO_32_BIT_CONVERSION = YES;
				GCC_WARN_ABOUT_RETURN_TYPE = YES_ERROR;
				GCC_WARN_UNDECLARED_SELECTOR = YES;
				GCC_WARN_UNINITIALIZED_AUTOS = YES_AGGRESSIVE;
				GCC_WARN_UNUSED_FUNCTION = YES;
				GCC_WARN_UNUSED_VARIABLE = YES;
				IPHONEOS_DEPLOYMENT_TARGET = 15.0;
				LOCALIZATION_PREFERS_STRING_CATALOGS = YES;
				MTL_ENABLE_DEBUG_INFO = INCLUDE_SOURCE;
				MTL_FAST_MATH = YES;
				ONLY_ACTIVE_ARCH = YES;
				SDKROOT = iphoneos;
				SWIFT_ACTIVE_COMPILATION_CONDITIONS = "DEBUG $(inherited)";
				SWIFT_OPTIMIZATION_LEVEL = "-Onone";
			};
			name = Debug;
		};
		481A5F4D2B7A785400EA428B /* Release */ = {
			isa = XCBuildConfiguration;
			buildSettings = {
				ALWAYS_SEARCH_USER_PATHS = NO;
				ASSETCATALOG_COMPILER_GENERATE_SWIFT_ASSET_SYMBOL_EXTENSIONS = YES;
				CLANG_ANALYZER_NONNULL = YES;
				CLANG_ANALYZER_NUMBER_OBJECT_CONVERSION = YES_AGGRESSIVE;
				CLANG_CXX_LANGUAGE_STANDARD = "gnu++20";
				CLANG_ENABLE_MODULES = YES;
				CLANG_ENABLE_OBJC_ARC = YES;
				CLANG_ENABLE_OBJC_WEAK = YES;
				CLANG_WARN_BLOCK_CAPTURE_AUTORELEASING = YES;
				CLANG_WARN_BOOL_CONVERSION = YES;
				CLANG_WARN_COMMA = YES;
				CLANG_WARN_CONSTANT_CONVERSION = YES;
				CLANG_WARN_DEPRECATED_OBJC_IMPLEMENTATIONS = YES;
				CLANG_WARN_DIRECT_OBJC_ISA_USAGE = YES_ERROR;
				CLANG_WARN_DOCUMENTATION_COMMENTS = YES;
				CLANG_WARN_EMPTY_BODY = YES;
				CLANG_WARN_ENUM_CONVERSION = YES;
				CLANG_WARN_INFINITE_RECURSION = YES;
				CLANG_WARN_INT_CONVERSION = YES;
				CLANG_WARN_NON_LITERAL_NULL_CONVERSION = YES;
				CLANG_WARN_OBJC_IMPLICIT_RETAIN_SELF = YES;
				CLANG_WARN_OBJC_LITERAL_CONVERSION = YES;
				CLANG_WARN_OBJC_ROOT_CLASS = YES_ERROR;
				CLANG_WARN_QUOTED_INCLUDE_IN_FRAMEWORK_HEADER = YES;
				CLANG_WARN_RANGE_LOOP_ANALYSIS = YES;
				CLANG_WARN_STRICT_PROTOTYPES = YES;
				CLANG_WARN_SUSPICIOUS_MOVE = YES;
				CLANG_WARN_UNGUARDED_AVAILABILITY = YES_AGGRESSIVE;
				CLANG_WARN_UNREACHABLE_CODE = YES;
				CLANG_WARN__DUPLICATE_METHOD_MATCH = YES;
				COPY_PHASE_STRIP = NO;
				DEBUG_INFORMATION_FORMAT = "dwarf-with-dsym";
				ENABLE_NS_ASSERTIONS = NO;
				ENABLE_STRICT_OBJC_MSGSEND = YES;
				ENABLE_USER_SCRIPT_SANDBOXING = YES;
				GCC_C_LANGUAGE_STANDARD = gnu17;
				GCC_NO_COMMON_BLOCKS = YES;
				GCC_WARN_64_TO_32_BIT_CONVERSION = YES;
				GCC_WARN_ABOUT_RETURN_TYPE = YES_ERROR;
				GCC_WARN_UNDECLARED_SELECTOR = YES;
				GCC_WARN_UNINITIALIZED_AUTOS = YES_AGGRESSIVE;
				GCC_WARN_UNUSED_FUNCTION = YES;
				GCC_WARN_UNUSED_VARIABLE = YES;
				IPHONEOS_DEPLOYMENT_TARGET = 15.0;
				LOCALIZATION_PREFERS_STRING_CATALOGS = YES;
				MTL_ENABLE_DEBUG_INFO = NO;
				MTL_FAST_MATH = YES;
				SDKROOT = iphoneos;
				SWIFT_COMPILATION_MODE = wholemodule;
				VALIDATE_PRODUCT = YES;
			};
			name = Release;
		};
		481A5F4F2B7A785400EA428B /* Debug */ = {
			isa = XCBuildConfiguration;
			buildSettings = {
				ASSETCATALOG_COMPILER_APPICON_NAME = AppIcon;
				ASSETCATALOG_COMPILER_GLOBAL_ACCENT_COLOR_NAME = AccentColor;
				CODE_SIGN_STYLE = Automatic;
				CURRENT_PROJECT_VERSION = 1;
				ENABLE_USER_SCRIPT_SANDBOXING = NO;
				GENERATE_INFOPLIST_FILE = YES;
				INFOPLIST_FILE = Gallery/SupportingFiles/Info.plist;
				INFOPLIST_KEY_UIApplicationSupportsIndirectInputEvents = YES;
				INFOPLIST_KEY_UILaunchStoryboardName = "Launch Screen.storyboard";
				INFOPLIST_KEY_UISupportedInterfaceOrientations_iPad = "UIInterfaceOrientationPortrait UIInterfaceOrientationPortraitUpsideDown UIInterfaceOrientationLandscapeLeft UIInterfaceOrientationLandscapeRight";
				INFOPLIST_KEY_UISupportedInterfaceOrientations_iPhone = "UIInterfaceOrientationPortrait UIInterfaceOrientationLandscapeLeft UIInterfaceOrientationLandscapeRight";
				IPHONEOS_DEPLOYMENT_TARGET = 15.0;
				LD_RUNPATH_SEARCH_PATHS = (
					"$(inherited)",
					"@executable_path/Frameworks",
				);
				MARKETING_VERSION = 1.0;
				PRODUCT_BUNDLE_IDENTIFIER = solid.Gallery;
				PRODUCT_NAME = "$(TARGET_NAME)";
				SWIFT_EMIT_LOC_STRINGS = YES;
				SWIFT_VERSION = 5.0;
				TARGETED_DEVICE_FAMILY = "1,2";
			};
			name = Debug;
		};
		481A5F502B7A785400EA428B /* Release */ = {
			isa = XCBuildConfiguration;
			buildSettings = {
				ASSETCATALOG_COMPILER_APPICON_NAME = AppIcon;
				ASSETCATALOG_COMPILER_GLOBAL_ACCENT_COLOR_NAME = AccentColor;
				CODE_SIGN_STYLE = Automatic;
				CURRENT_PROJECT_VERSION = 1;
				ENABLE_USER_SCRIPT_SANDBOXING = NO;
				GENERATE_INFOPLIST_FILE = YES;
				INFOPLIST_FILE = Gallery/SupportingFiles/Info.plist;
				INFOPLIST_KEY_UIApplicationSupportsIndirectInputEvents = YES;
				INFOPLIST_KEY_UILaunchStoryboardName = "Launch Screen.storyboard";
				INFOPLIST_KEY_UISupportedInterfaceOrientations_iPad = "UIInterfaceOrientationPortrait UIInterfaceOrientationPortraitUpsideDown UIInterfaceOrientationLandscapeLeft UIInterfaceOrientationLandscapeRight";
				INFOPLIST_KEY_UISupportedInterfaceOrientations_iPhone = "UIInterfaceOrientationPortrait UIInterfaceOrientationLandscapeLeft UIInterfaceOrientationLandscapeRight";
				IPHONEOS_DEPLOYMENT_TARGET = 15.0;
				LD_RUNPATH_SEARCH_PATHS = (
					"$(inherited)",
					"@executable_path/Frameworks",
				);
				MARKETING_VERSION = 1.0;
				PRODUCT_BUNDLE_IDENTIFIER = solid.Gallery;
				PRODUCT_NAME = "$(TARGET_NAME)";
				SWIFT_EMIT_LOC_STRINGS = YES;
				SWIFT_VERSION = 5.0;
				TARGETED_DEVICE_FAMILY = "1,2";
			};
			name = Release;
		};
		481A5F522B7A785400EA428B /* Debug */ = {
			isa = XCBuildConfiguration;
			buildSettings = {
				ALWAYS_EMBED_SWIFT_STANDARD_LIBRARIES = YES;
				BUNDLE_LOADER = "$(TEST_HOST)";
				CODE_SIGN_STYLE = Automatic;
				CURRENT_PROJECT_VERSION = 1;
				GENERATE_INFOPLIST_FILE = YES;
				IPHONEOS_DEPLOYMENT_TARGET = 17.0;
				MARKETING_VERSION = 1.0;
				PRODUCT_BUNDLE_IDENTIFIER = solid.GalleryTests;
				PRODUCT_NAME = "$(TARGET_NAME)";
				SWIFT_EMIT_LOC_STRINGS = NO;
				SWIFT_VERSION = 5.0;
				TARGETED_DEVICE_FAMILY = "1,2";
				TEST_HOST = "$(BUILT_PRODUCTS_DIR)/Gallery.app/$(BUNDLE_EXECUTABLE_FOLDER_PATH)/Gallery";
			};
			name = Debug;
		};
		481A5F532B7A785400EA428B /* Release */ = {
			isa = XCBuildConfiguration;
			buildSettings = {
				ALWAYS_EMBED_SWIFT_STANDARD_LIBRARIES = YES;
				BUNDLE_LOADER = "$(TEST_HOST)";
				CODE_SIGN_STYLE = Automatic;
				CURRENT_PROJECT_VERSION = 1;
				GENERATE_INFOPLIST_FILE = YES;
				IPHONEOS_DEPLOYMENT_TARGET = 17.0;
				MARKETING_VERSION = 1.0;
				PRODUCT_BUNDLE_IDENTIFIER = solid.GalleryTests;
				PRODUCT_NAME = "$(TARGET_NAME)";
				SWIFT_EMIT_LOC_STRINGS = NO;
				SWIFT_VERSION = 5.0;
				TARGETED_DEVICE_FAMILY = "1,2";
				TEST_HOST = "$(BUILT_PRODUCTS_DIR)/Gallery.app/$(BUNDLE_EXECUTABLE_FOLDER_PATH)/Gallery";
			};
			name = Release;
		};
/* End XCBuildConfiguration section */

/* Begin XCConfigurationList section */
		481A5F1F2B7A785200EA428B /* Build configuration list for PBXProject "Gallery" */ = {
			isa = XCConfigurationList;
			buildConfigurations = (
				481A5F4C2B7A785400EA428B /* Debug */,
				481A5F4D2B7A785400EA428B /* Release */,
			);
			defaultConfigurationIsVisible = 0;
			defaultConfigurationName = Release;
		};
		481A5F4E2B7A785400EA428B /* Build configuration list for PBXNativeTarget "Gallery" */ = {
			isa = XCConfigurationList;
			buildConfigurations = (
				481A5F4F2B7A785400EA428B /* Debug */,
				481A5F502B7A785400EA428B /* Release */,
			);
			defaultConfigurationIsVisible = 0;
			defaultConfigurationName = Release;
		};
		481A5F512B7A785400EA428B /* Build configuration list for PBXNativeTarget "GalleryTests" */ = {
			isa = XCConfigurationList;
			buildConfigurations = (
				481A5F522B7A785400EA428B /* Debug */,
				481A5F532B7A785400EA428B /* Release */,
			);
			defaultConfigurationIsVisible = 0;
			defaultConfigurationName = Release;
		};
/* End XCConfigurationList section */

/* Begin XCRemoteSwiftPackageReference section */
		488A10862B875D5B00FEE3FB /* XCRemoteSwiftPackageReference "SDWebImage" */ = {
			isa = XCRemoteSwiftPackageReference;
			repositoryURL = "https://github.com/SDWebImage/SDWebImage";
			requirement = {
				kind = upToNextMajorVersion;
				minimumVersion = 5.18.11;
			};
		};
		48903E4C2B8D39D80041BBCF /* XCRemoteSwiftPackageReference "realm-swift" */ = {
			isa = XCRemoteSwiftPackageReference;
			repositoryURL = "https://github.com/realm/realm-swift.git";
			requirement = {
				kind = upToNextMajorVersion;
				minimumVersion = 10.47.0;
			};
		};
		489895382B7E47FE00D2348A /* XCRemoteSwiftPackageReference "SwiftLint" */ = {
			isa = XCRemoteSwiftPackageReference;
			repositoryURL = "https://github.com/realm/SwiftLint.git";
			requirement = {
				kind = upToNextMajorVersion;
				minimumVersion = 0.54.0;
			};
		};
/* End XCRemoteSwiftPackageReference section */

/* Begin XCSwiftPackageProductDependency section */
		488A10782B85FF3600FEE3FB /* Navigation */ = {
			isa = XCSwiftPackageProductDependency;
			productName = Navigation;
		};
		488A107A2B85FF6900FEE3FB /* UI */ = {
			isa = XCSwiftPackageProductDependency;
			productName = UI;
		};
		488A107C2B85FF6F00FEE3FB /* Network */ = {
			isa = XCSwiftPackageProductDependency;
			productName = Network;
		};
		488A10842B86103500FEE3FB /* Persistence */ = {
			isa = XCSwiftPackageProductDependency;
			productName = Persistence;
		};
		488A10872B875D5B00FEE3FB /* SDWebImage */ = {
			isa = XCSwiftPackageProductDependency;
			package = 488A10862B875D5B00FEE3FB /* XCRemoteSwiftPackageReference "SDWebImage" */;
			productName = SDWebImage;
		};
		48903E4D2B8D39D80041BBCF /* Realm */ = {
			isa = XCSwiftPackageProductDependency;
			package = 48903E4C2B8D39D80041BBCF /* XCRemoteSwiftPackageReference "realm-swift" */;
			productName = Realm;
		};
		48903E4F2B8D39D80041BBCF /* RealmSwift */ = {
			isa = XCSwiftPackageProductDependency;
			package = 48903E4C2B8D39D80041BBCF /* XCRemoteSwiftPackageReference "realm-swift" */;
			productName = RealmSwift;
		};
/* End XCSwiftPackageProductDependency section */
	};
	rootObject = 481A5F1C2B7A785200EA428B /* Project object */;
}
